
Microsoft Visual Studio Solution File, Format Version 12.00
# Visual Studio 14
VisualStudioVersion = 14.0.25420.1
MinimumVisualStudioVersion = 10.0.40219.1
Project("{FAE04EC0-301F-11D3-BF4B-00C04F79EFBC}") = "Shop.Web", "Shop.Web\Shop.Web.csproj", "{C10790CB-4D88-4031-96AD-42A6B7F8ED3B}"
EndProject
Global
	GlobalSection(SolutionConfigurationPlatforms) = preSolution
		Debug|Any CPU = Debug|Any CPU
		Release|Any CPU = Release|Any CPU
	EndGlobalSection
	GlobalSection(ProjectConfigurationPlatforms) = postSolution
		{C10790CB-4D88-4031-96AD-42A6B7F8ED3B}.Debug|Any CPU.ActiveCfg = Debug|Any CPU
		{C10790CB-4D88-4031-96AD-42A6B7F8ED3B}.Debug|Any CPU.Build.0 = Debug|Any CPU
		{C10790CB-4D88-4031-96AD-42A6B7F8ED3B}.Release|Any CPU.ActiveCfg = Release|Any CPU
		{C10790CB-4D88-4031-96AD-42A6B7F8ED3B}.Release|Any CPU.Build.0 = Release|Any CPU
	EndGlobalSection
	GlobalSection(SolutionProperties) = preSolution
		HideSolutionNode = FALSE
	EndGlobalSection
	GlobalSection(ExtensibilityGlobals) = postSolution
		SolutionGuid = {0A0871DE-057D-439D-94D2-668EFE60C1F8}
	EndGlobalSection
EndGlobal
